# THIS IS AN AUTOGENERATED FILE. DO NOT EDIT THIS FILE DIRECTLY.
# yarn lockfile v1


acorn-walk@^8.2.0:
  version "8.2.0"
  resolved "https://registry.yarnpkg.com/acorn-walk/-/acorn-walk-8.2.0.tgz#741210f2e2426454508853a2f44d0ab83b7f69c1"
  integrity sha512-k+iyHEuPgSw6SbuDpGQM+06HQUa04DZ3o+F6CSzXMvvI5KMvnaEqXe+YVe555R9nn6GPt404fos4wcgpw12SDA==

acorn@^8.7.0:
  version "8.9.0"
  resolved "https://registry.yarnpkg.com/acorn/-/acorn-8.9.0.tgz#78a16e3b2bcc198c10822786fa6679e245db5b59"
  integrity sha512-jaVNAFBHNLXspO543WnNNPZFRtavh3skAkITqD0/2aeMkKZTN+254PyhwxFYrk3vQ1xfY+2wbesJMs/JC8/PwQ==

openai-edge@^1.1.0:
  version "1.1.1"
  resolved "https://registry.yarnpkg.com/openai-edge/-/openai-edge-1.1.1.tgz#0e5b25472a5528959d11cedce67ea9b37faf640e"
  integrity sha512-dVbGYFU4kzHeqzUYlJQuLgahB5BvGCjuyVQMiet3WLTq5AIueyS572wLLSn764wKdjWbl8xurFL9cjmwlpAO5w==

vm2@^3.9.19:
  version "3.9.19"
  resolved "https://registry.yarnpkg.com/vm2/-/vm2-3.9.19.tgz#be1e1d7a106122c6c492b4d51c2e8b93d3ed6a4a"
  integrity sha512-J637XF0DHDMV57R6JyVsTak7nIL8gy5KH4r1HiwWLf/4GBbb5MKL5y7LpmF4A8E2nR6XmzpmMFQ7V7ppPTmUQg==
  dependencies:
    acorn "^8.7.0"
    acorn-walk "^8.2.0"
