# THIS IS AN AUTOGENERATED FILE. DO NOT EDIT THIS FILE DIRECTLY.
# yarn lockfile v1


openai-edge@^1.1.0:
  version "1.1.0"
  resolved "https://registry.yarnpkg.com/openai-edge/-/openai-edge-1.1.0.tgz#f9d6723cf4175b4d085664599805d8b8ec0c0aad"
  integrity sha512-VkXT7yhKjr1QlC/wIMuPW/s003cPHUtiNjt/kH+54iKDZZ7eiGMPuymhpSWJ/zVZfVz6+94okGd6rNuu7JRBDw==
